
Microsoft Visual Studio Solution File, Format Version 12.00
# Visual Studio 15
VisualStudioVersion = 15.0.27703.2042
MinimumVisualStudioVersion = 10.0.40219.1
Project("{FAE04EC0-301F-11D3-BF4B-00C04F79EFBC}") = "MappingExtensions", "MappingExtensions\MappingExtensions.csproj", "{5B7668CC-078D-4032-A704-EB0991B72B91}"
EndProject
Global
	GlobalSection(SolutionConfigurationPlatforms) = preSolution
		Debug|Any CPU = Debug|Any CPU
		Release|Any CPU = Release|Any CPU
	EndGlobalSection
	GlobalSection(ProjectConfigurationPlatforms) = postSolution
		{5B7668CC-078D-4032-A704-EB0991B72B91}.Debug|Any CPU.ActiveCfg = Debug|Any CPU
		{5B7668CC-078D-4032-A704-EB0991B72B91}.Debug|Any CPU.Build.0 = Debug|Any CPU
		{5B7668CC-078D-4032-A704-EB0991B72B91}.Release|Any CPU.ActiveCfg = Release|Any CPU
		{5B7668CC-078D-4032-A704-EB0991B72B91}.Release|Any CPU.Build.0 = Release|Any CPU
	EndGlobalSection
	GlobalSection(SolutionProperties) = preSolution
		HideSolutionNode = FALSE
	EndGlobalSection
	GlobalSection(ExtensibilityGlobals) = postSolution
		SolutionGuid = {24087328-83DA-4B8A-B237-49C36E55E6C6}
	EndGlobalSection
EndGlobal
